// !$*UTF8*$!
{
	archiveVersion = 1;
	classes = {
	};
	objectVersion = 55;
	objects = {

/* Begin PBXBuildFile section */
		E3E5D8BD28785276000BF2B7 /* AppDelegate.swift in Sources */ = {isa = PBXBuildFile; fileRef = E3E5D8BC28785276000BF2B7 /* AppDelegate.swift */; };
		E3E5D8C628785278000BF2B7 /* Assets.xcassets in Resources */ = {isa = PBXBuildFile; fileRef = E3E5D8C528785278000BF2B7 /* Assets.xcassets */; };
		E3E5D8C928785278000BF2B7 /* LaunchScreen.storyboard in Resources */ = {isa = PBXBuildFile; fileRef = E3E5D8C728785278000BF2B7 /* LaunchScreen.storyboard */; };
		E3E5D8D428785278000BF2B7 /* deliveryHeroTests.swift in Sources */ = {isa = PBXBuildFile; fileRef = E3E5D8D328785278000BF2B7 /* deliveryHeroTests.swift */; };
		E3E5D8DE28785278000BF2B7 /* deliveryHeroUITests.swift in Sources */ = {isa = PBXBuildFile; fileRef = E3E5D8DD28785278000BF2B7 /* deliveryHeroUITests.swift */; };
		E3E5D8E028785278000BF2B7 /* deliveryHeroUITestsLaunchTests.swift in Sources */ = {isa = PBXBuildFile; fileRef = E3E5D8DF28785278000BF2B7 /* deliveryHeroUITestsLaunchTests.swift */; };
		E3E5D8F628786490000BF2B7 /* Colors.xcassets in Resources */ = {isa = PBXBuildFile; fileRef = E3E5D8F528786490000BF2B7 /* Colors.xcassets */; };
		E3E5D8F8287864EC000BF2B7 /* UIColor + Extension.swift in Sources */ = {isa = PBXBuildFile; fileRef = E3E5D8F7287864EC000BF2B7 /* UIColor + Extension.swift */; };
		E3E5D8FA28786507000BF2B7 /* UIImage + Extension.swift in Sources */ = {isa = PBXBuildFile; fileRef = E3E5D8F928786507000BF2B7 /* UIImage + Extension.swift */; };
		E3E5D8FC28786518000BF2B7 /* Constants.swift in Sources */ = {isa = PBXBuildFile; fileRef = E3E5D8FB28786518000BF2B7 /* Constants.swift */; };
		E3E5D8FE2878652A000BF2B7 /* BaseService.swift in Sources */ = {isa = PBXBuildFile; fileRef = E3E5D8FD2878652A000BF2B7 /* BaseService.swift */; };
		E3E5D9002878653A000BF2B7 /* ImageCache.swift in Sources */ = {isa = PBXBuildFile; fileRef = E3E5D8FF2878653A000BF2B7 /* ImageCache.swift */; };
		E3E5D90228786592000BF2B7 /* AppRouter.swift in Sources */ = {isa = PBXBuildFile; fileRef = E3E5D90128786592000BF2B7 /* AppRouter.swift */; };
		E3E5D90528786AEB000BF2B7 /* SnapKit in Frameworks */ = {isa = PBXBuildFile; productRef = E3E5D90428786AEB000BF2B7 /* SnapKit */; };
		E3E5D90A28787B8A000BF2B7 /* MovieListBuilder.swift in Sources */ = {isa = PBXBuildFile; fileRef = E3E5D90928787B8A000BF2B7 /* MovieListBuilder.swift */; };
		E3E5D90C28787B97000BF2B7 /* MovieListRouter.swift in Sources */ = {isa = PBXBuildFile; fileRef = E3E5D90B28787B97000BF2B7 /* MovieListRouter.swift */; };
		E3E5D90E28787B9E000BF2B7 /* MovieListContractor.swift in Sources */ = {isa = PBXBuildFile; fileRef = E3E5D90D28787B9E000BF2B7 /* MovieListContractor.swift */; };
		E3E5D91028787BA5000BF2B7 /* MovieListInteractor.swift in Sources */ = {isa = PBXBuildFile; fileRef = E3E5D90F28787BA5000BF2B7 /* MovieListInteractor.swift */; };
		E3E5D91228787BAA000BF2B7 /* MovieListPresenter.swift in Sources */ = {isa = PBXBuildFile; fileRef = E3E5D91128787BAA000BF2B7 /* MovieListPresenter.swift */; };
		E3E5D91428787BB0000BF2B7 /* MovieListViewController.swift in Sources */ = {isa = PBXBuildFile; fileRef = E3E5D91328787BB0000BF2B7 /* MovieListViewController.swift */; };
		E3E5D91628787BDA000BF2B7 /* MovieDetailViewController.swift in Sources */ = {isa = PBXBuildFile; fileRef = E3E5D91528787BDA000BF2B7 /* MovieDetailViewController.swift */; };
		E3E5D91828787BDE000BF2B7 /* MovieDetailPresenter.swift in Sources */ = {isa = PBXBuildFile; fileRef = E3E5D91728787BDE000BF2B7 /* MovieDetailPresenter.swift */; };
		E3E5D91A28787BE4000BF2B7 /* MovieDetailInteractor.swift in Sources */ = {isa = PBXBuildFile; fileRef = E3E5D91928787BE4000BF2B7 /* MovieDetailInteractor.swift */; };
		E3E5D91C28787BE9000BF2B7 /* MovieDetailContractor.swift in Sources */ = {isa = PBXBuildFile; fileRef = E3E5D91B28787BE9000BF2B7 /* MovieDetailContractor.swift */; };
		E3E5D91E28787BED000BF2B7 /* MovieDetailRouter.swift in Sources */ = {isa = PBXBuildFile; fileRef = E3E5D91D28787BED000BF2B7 /* MovieDetailRouter.swift */; };
		E3E5D92028787BF1000BF2B7 /* MovieDetailBuilder.swift in Sources */ = {isa = PBXBuildFile; fileRef = E3E5D91F28787BF1000BF2B7 /* MovieDetailBuilder.swift */; };
		E3E5D92228787BFE000BF2B7 /* PersonDetailViewController.swift in Sources */ = {isa = PBXBuildFile; fileRef = E3E5D92128787BFE000BF2B7 /* PersonDetailViewController.swift */; };
		E3E5D92428787C02000BF2B7 /* PersonDetailPresenter.swift in Sources */ = {isa = PBXBuildFile; fileRef = E3E5D92328787C02000BF2B7 /* PersonDetailPresenter.swift */; };
		E3E5D92628787C06000BF2B7 /* PersonDetailInteractor.swift in Sources */ = {isa = PBXBuildFile; fileRef = E3E5D92528787C06000BF2B7 /* PersonDetailInteractor.swift */; };
		E3E5D92828787C0C000BF2B7 /* PersonDetailContractor.swift in Sources */ = {isa = PBXBuildFile; fileRef = E3E5D92728787C0C000BF2B7 /* PersonDetailContractor.swift */; };
		E3E5D92A28787C0F000BF2B7 /* PersonDetailRouter.swift in Sources */ = {isa = PBXBuildFile; fileRef = E3E5D92928787C0F000BF2B7 /* PersonDetailRouter.swift */; };
		E3E5D92C28787C13000BF2B7 /* PersonDetailBuilder.swift in Sources */ = {isa = PBXBuildFile; fileRef = E3E5D92B28787C13000BF2B7 /* PersonDetailBuilder.swift */; };
		E3E5D92E2878804A000BF2B7 /* BaseViewController.swift in Sources */ = {isa = PBXBuildFile; fileRef = E3E5D92D2878804A000BF2B7 /* BaseViewController.swift */; };
		E3E5D93228788326000BF2B7 /* MediaModels.swift in Sources */ = {isa = PBXBuildFile; fileRef = E3E5D93128788326000BF2B7 /* MediaModels.swift */; };
		E3E5D93428789E36000BF2B7 /* MovieCollectionViewCell.swift in Sources */ = {isa = PBXBuildFile; fileRef = E3E5D93328789E36000BF2B7 /* MovieCollectionViewCell.swift */; };
		E3E5D9382878E0D6000BF2B7 /* TitleCollectionReusableView.swift in Sources */ = {isa = PBXBuildFile; fileRef = E3E5D9372878E0D6000BF2B7 /* TitleCollectionReusableView.swift */; };
		E3E5D93A287A5ACC000BF2B7 /* MovieCreditModel.swift in Sources */ = {isa = PBXBuildFile; fileRef = E3E5D939287A5ACC000BF2B7 /* MovieCreditModel.swift */; };
		E3E5D93C287B259E000BF2B7 /* PersonCreditModel.swift in Sources */ = {isa = PBXBuildFile; fileRef = E3E5D93B287B259E000BF2B7 /* PersonCreditModel.swift */; };
/* End PBXBuildFile section */

/* Begin PBXContainerItemProxy section */
		E3E5D8D028785278000BF2B7 /* PBXContainerItemProxy */ = {
			isa = PBXContainerItemProxy;
			containerPortal = E3E5D8B128785276000BF2B7 /* Project object */;
			proxyType = 1;
			remoteGlobalIDString = E3E5D8B828785276000BF2B7;
			remoteInfo = deliveryHero;
		};
		E3E5D8DA28785278000BF2B7 /* PBXContainerItemProxy */ = {
			isa = PBXContainerItemProxy;
			containerPortal = E3E5D8B128785276000BF2B7 /* Project object */;
			proxyType = 1;
			remoteGlobalIDString = E3E5D8B828785276000BF2B7;
			remoteInfo = deliveryHero;
		};
/* End PBXContainerItemProxy section */

/* Begin PBXFileReference section */
		E3E5D8B928785276000BF2B7 /* deliveryHero.app */ = {isa = PBXFileReference; explicitFileType = wrapper.application; includeInIndex = 0; path = deliveryHero.app; sourceTree = BUILT_PRODUCTS_DIR; };
		E3E5D8BC28785276000BF2B7 /* AppDelegate.swift */ = {isa = PBXFileReference; lastKnownFileType = sourcecode.swift; path = AppDelegate.swift; sourceTree = "<group>"; };
		E3E5D8C528785278000BF2B7 /* Assets.xcassets */ = {isa = PBXFileReference; lastKnownFileType = folder.assetcatalog; path = Assets.xcassets; sourceTree = "<group>"; };
		E3E5D8C828785278000BF2B7 /* Base */ = {isa = PBXFileReference; lastKnownFileType = file.storyboard; name = Base; path = Base.lproj/LaunchScreen.storyboard; sourceTree = "<group>"; };
		E3E5D8CA28785278000BF2B7 /* Info.plist */ = {isa = PBXFileReference; lastKnownFileType = text.plist.xml; path = Info.plist; sourceTree = "<group>"; };
		E3E5D8CF28785278000BF2B7 /* deliveryHeroTests.xctest */ = {isa = PBXFileReference; explicitFileType = wrapper.cfbundle; includeInIndex = 0; path = deliveryHeroTests.xctest; sourceTree = BUILT_PRODUCTS_DIR; };
		E3E5D8D328785278000BF2B7 /* deliveryHeroTests.swift */ = {isa = PBXFileReference; lastKnownFileType = sourcecode.swift; path = deliveryHeroTests.swift; sourceTree = "<group>"; };
		E3E5D8D928785278000BF2B7 /* deliveryHeroUITests.xctest */ = {isa = PBXFileReference; explicitFileType = wrapper.cfbundle; includeInIndex = 0; path = deliveryHeroUITests.xctest; sourceTree = BUILT_PRODUCTS_DIR; };
		E3E5D8DD28785278000BF2B7 /* deliveryHeroUITests.swift */ = {isa = PBXFileReference; lastKnownFileType = sourcecode.swift; path = deliveryHeroUITests.swift; sourceTree = "<group>"; };
		E3E5D8DF28785278000BF2B7 /* deliveryHeroUITestsLaunchTests.swift */ = {isa = PBXFileReference; lastKnownFileType = sourcecode.swift; path = deliveryHeroUITestsLaunchTests.swift; sourceTree = "<group>"; };
		E3E5D8F528786490000BF2B7 /* Colors.xcassets */ = {isa = PBXFileReference; lastKnownFileType = folder.assetcatalog; path = Colors.xcassets; sourceTree = "<group>"; };
		E3E5D8F7287864EC000BF2B7 /* UIColor + Extension.swift */ = {isa = PBXFileReference; lastKnownFileType = sourcecode.swift; path = "UIColor + Extension.swift"; sourceTree = "<group>"; };
		E3E5D8F928786507000BF2B7 /* UIImage + Extension.swift */ = {isa = PBXFileReference; lastKnownFileType = sourcecode.swift; path = "UIImage + Extension.swift"; sourceTree = "<group>"; };
		E3E5D8FB28786518000BF2B7 /* Constants.swift */ = {isa = PBXFileReference; lastKnownFileType = sourcecode.swift; path = Constants.swift; sourceTree = "<group>"; };
		E3E5D8FD2878652A000BF2B7 /* BaseService.swift */ = {isa = PBXFileReference; lastKnownFileType = sourcecode.swift; path = BaseService.swift; sourceTree = "<group>"; };
		E3E5D8FF2878653A000BF2B7 /* ImageCache.swift */ = {isa = PBXFileReference; lastKnownFileType = sourcecode.swift; path = ImageCache.swift; sourceTree = "<group>"; };
		E3E5D90128786592000BF2B7 /* AppRouter.swift */ = {isa = PBXFileReference; lastKnownFileType = sourcecode.swift; path = AppRouter.swift; sourceTree = "<group>"; };
		E3E5D90928787B8A000BF2B7 /* MovieListBuilder.swift */ = {isa = PBXFileReference; lastKnownFileType = sourcecode.swift; path = MovieListBuilder.swift; sourceTree = "<group>"; };
		E3E5D90B28787B97000BF2B7 /* MovieListRouter.swift */ = {isa = PBXFileReference; lastKnownFileType = sourcecode.swift; path = MovieListRouter.swift; sourceTree = "<group>"; };
		E3E5D90D28787B9E000BF2B7 /* MovieListContractor.swift */ = {isa = PBXFileReference; lastKnownFileType = sourcecode.swift; path = MovieListContractor.swift; sourceTree = "<group>"; };
		E3E5D90F28787BA5000BF2B7 /* MovieListInteractor.swift */ = {isa = PBXFileReference; lastKnownFileType = sourcecode.swift; path = MovieListInteractor.swift; sourceTree = "<group>"; };
		E3E5D91128787BAA000BF2B7 /* MovieListPresenter.swift */ = {isa = PBXFileReference; lastKnownFileType = sourcecode.swift; path = MovieListPresenter.swift; sourceTree = "<group>"; };
		E3E5D91328787BB0000BF2B7 /* MovieListViewController.swift */ = {isa = PBXFileReference; lastKnownFileType = sourcecode.swift; path = MovieListViewController.swift; sourceTree = "<group>"; };
		E3E5D91528787BDA000BF2B7 /* MovieDetailViewController.swift */ = {isa = PBXFileReference; lastKnownFileType = sourcecode.swift; path = MovieDetailViewController.swift; sourceTree = "<group>"; };
		E3E5D91728787BDE000BF2B7 /* MovieDetailPresenter.swift */ = {isa = PBXFileReference; lastKnownFileType = sourcecode.swift; path = MovieDetailPresenter.swift; sourceTree = "<group>"; };
		E3E5D91928787BE4000BF2B7 /* MovieDetailInteractor.swift */ = {isa = PBXFileReference; lastKnownFileType = sourcecode.swift; path = MovieDetailInteractor.swift; sourceTree = "<group>"; };
		E3E5D91B28787BE9000BF2B7 /* MovieDetailContractor.swift */ = {isa = PBXFileReference; lastKnownFileType = sourcecode.swift; path = MovieDetailContractor.swift; sourceTree = "<group>"; };
		E3E5D91D28787BED000BF2B7 /* MovieDetailRouter.swift */ = {isa = PBXFileReference; lastKnownFileType = sourcecode.swift; path = MovieDetailRouter.swift; sourceTree = "<group>"; };
		E3E5D91F28787BF1000BF2B7 /* MovieDetailBuilder.swift */ = {isa = PBXFileReference; lastKnownFileType = sourcecode.swift; path = MovieDetailBuilder.swift; sourceTree = "<group>"; };
		E3E5D92128787BFE000BF2B7 /* PersonDetailViewController.swift */ = {isa = PBXFileReference; lastKnownFileType = sourcecode.swift; path = PersonDetailViewController.swift; sourceTree = "<group>"; };
		E3E5D92328787C02000BF2B7 /* PersonDetailPresenter.swift */ = {isa = PBXFileReference; lastKnownFileType = sourcecode.swift; path = PersonDetailPresenter.swift; sourceTree = "<group>"; };
		E3E5D92528787C06000BF2B7 /* PersonDetailInteractor.swift */ = {isa = PBXFileReference; lastKnownFileType = sourcecode.swift; path = PersonDetailInteractor.swift; sourceTree = "<group>"; };
		E3E5D92728787C0C000BF2B7 /* PersonDetailContractor.swift */ = {isa = PBXFileReference; lastKnownFileType = sourcecode.swift; path = PersonDetailContractor.swift; sourceTree = "<group>"; };
		E3E5D92928787C0F000BF2B7 /* PersonDetailRouter.swift */ = {isa = PBXFileReference; lastKnownFileType = sourcecode.swift; path = PersonDetailRouter.swift; sourceTree = "<group>"; };
		E3E5D92B28787C13000BF2B7 /* PersonDetailBuilder.swift */ = {isa = PBXFileReference; lastKnownFileType = sourcecode.swift; path = PersonDetailBuilder.swift; sourceTree = "<group>"; };
		E3E5D92D2878804A000BF2B7 /* BaseViewController.swift */ = {isa = PBXFileReference; lastKnownFileType = sourcecode.swift; path = BaseViewController.swift; sourceTree = "<group>"; };
		E3E5D93128788326000BF2B7 /* MediaModels.swift */ = {isa = PBXFileReference; lastKnownFileType = sourcecode.swift; path = MediaModels.swift; sourceTree = "<group>"; };
		E3E5D93328789E36000BF2B7 /* MovieCollectionViewCell.swift */ = {isa = PBXFileReference; lastKnownFileType = sourcecode.swift; path = MovieCollectionViewCell.swift; sourceTree = "<group>"; };
		E3E5D9372878E0D6000BF2B7 /* TitleCollectionReusableView.swift */ = {isa = PBXFileReference; lastKnownFileType = sourcecode.swift; path = TitleCollectionReusableView.swift; sourceTree = "<group>"; };
		E3E5D939287A5ACC000BF2B7 /* MovieCreditModel.swift */ = {isa = PBXFileReference; lastKnownFileType = sourcecode.swift; path = MovieCreditModel.swift; sourceTree = "<group>"; };
		E3E5D93B287B259E000BF2B7 /* PersonCreditModel.swift */ = {isa = PBXFileReference; lastKnownFileType = sourcecode.swift; path = PersonCreditModel.swift; sourceTree = "<group>"; };
/* End PBXFileReference section */

/* Begin PBXFrameworksBuildPhase section */
		E3E5D8B628785276000BF2B7 /* Frameworks */ = {
			isa = PBXFrameworksBuildPhase;
			buildActionMask = 2147483647;
			files = (
				E3E5D90528786AEB000BF2B7 /* SnapKit in Frameworks */,
			);
			runOnlyForDeploymentPostprocessing = 0;
		};
		E3E5D8CC28785278000BF2B7 /* Frameworks */ = {
			isa = PBXFrameworksBuildPhase;
			buildActionMask = 2147483647;
			files = (
			);
			runOnlyForDeploymentPostprocessing = 0;
		};
		E3E5D8D628785278000BF2B7 /* Frameworks */ = {
			isa = PBXFrameworksBuildPhase;
			buildActionMask = 2147483647;
			files = (
			);
			runOnlyForDeploymentPostprocessing = 0;
		};
/* End PBXFrameworksBuildPhase section */

/* Begin PBXGroup section */
		E3E5D8B028785276000BF2B7 = {
			isa = PBXGroup;
			children = (
				E3E5D8BB28785276000BF2B7 /* deliveryHero */,
				E3E5D8D228785278000BF2B7 /* deliveryHeroTests */,
				E3E5D8DC28785278000BF2B7 /* deliveryHeroUITests */,
				E3E5D8BA28785276000BF2B7 /* Products */,
			);
			sourceTree = "<group>";
		};
		E3E5D8BA28785276000BF2B7 /* Products */ = {
			isa = PBXGroup;
			children = (
				E3E5D8B928785276000BF2B7 /* deliveryHero.app */,
				E3E5D8CF28785278000BF2B7 /* deliveryHeroTests.xctest */,
				E3E5D8D928785278000BF2B7 /* deliveryHeroUITests.xctest */,
			);
			name = Products;
			sourceTree = "<group>";
		};
		E3E5D8BB28785276000BF2B7 /* deliveryHero */ = {
			isa = PBXGroup;
			children = (
				E3E5D8EC28786426000BF2B7 /* App */,
				E3E5D8ED28786430000BF2B7 /* Scenes */,
				E3E5D8F428786474000BF2B7 /* Views */,
				E3E5D8F32878646C000BF2B7 /* Models */,
				E3E5D8F12878645D000BF2B7 /* Helper */,
				E3E5D8F028786453000BF2B7 /* Extensions */,
				E3E5D8EF2878644B000BF2B7 /* Resources */,
				E3E5D8EE28786442000BF2B7 /* SupportingFiles */,
			);
			path = deliveryHero;
			sourceTree = "<group>";
		};
		E3E5D8D228785278000BF2B7 /* deliveryHeroTests */ = {
			isa = PBXGroup;
			children = (
				E3E5D8D328785278000BF2B7 /* deliveryHeroTests.swift */,
			);
			path = deliveryHeroTests;
			sourceTree = "<group>";
		};
		E3E5D8DC28785278000BF2B7 /* deliveryHeroUITests */ = {
			isa = PBXGroup;
			children = (
				E3E5D8DD28785278000BF2B7 /* deliveryHeroUITests.swift */,
				E3E5D8DF28785278000BF2B7 /* deliveryHeroUITestsLaunchTests.swift */,
			);
			path = deliveryHeroUITests;
			sourceTree = "<group>";
		};
		E3E5D8EC28786426000BF2B7 /* App */ = {
			isa = PBXGroup;
			children = (
				E3E5D8BC28785276000BF2B7 /* AppDelegate.swift */,
				E3E5D90128786592000BF2B7 /* AppRouter.swift */,
			);
			path = App;
			sourceTree = "<group>";
		};
		E3E5D8ED28786430000BF2B7 /* Scenes */ = {
			isa = PBXGroup;
			children = (
				E3E5D90628786D5E000BF2B7 /* MovieList */,
				E3E5D90728786D79000BF2B7 /* MovieDetail */,
				E3E5D90828786D86000BF2B7 /* PersonDetail */,
			);
			path = Scenes;
			sourceTree = "<group>";
		};
		E3E5D8EE28786442000BF2B7 /* SupportingFiles */ = {
			isa = PBXGroup;
			children = (
				E3E5D8C728785278000BF2B7 /* LaunchScreen.storyboard */,
				E3E5D8CA28785278000BF2B7 /* Info.plist */,
			);
			path = SupportingFiles;
			sourceTree = "<group>";
		};
		E3E5D8EF2878644B000BF2B7 /* Resources */ = {
			isa = PBXGroup;
			children = (
				E3E5D8C528785278000BF2B7 /* Assets.xcassets */,
				E3E5D8F528786490000BF2B7 /* Colors.xcassets */,
			);
			path = Resources;
			sourceTree = "<group>";
		};
		E3E5D8F028786453000BF2B7 /* Extensions */ = {
			isa = PBXGroup;
			children = (
				E3E5D8F7287864EC000BF2B7 /* UIColor + Extension.swift */,
				E3E5D8F928786507000BF2B7 /* UIImage + Extension.swift */,
			);
			path = Extensions;
			sourceTree = "<group>";
		};
		E3E5D8F12878645D000BF2B7 /* Helper */ = {
			isa = PBXGroup;
			children = (
				E3E5D8FB28786518000BF2B7 /* Constants.swift */,
				E3E5D8FD2878652A000BF2B7 /* BaseService.swift */,
				E3E5D8FF2878653A000BF2B7 /* ImageCache.swift */,
			);
			path = Helper;
			sourceTree = "<group>";
		};
		E3E5D8F32878646C000BF2B7 /* Models */ = {
			isa = PBXGroup;
			children = (
				E3E5D93128788326000BF2B7 /* MediaModels.swift */,
				E3E5D939287A5ACC000BF2B7 /* MovieCreditModel.swift */,
				E3E5D93B287B259E000BF2B7 /* PersonCreditModel.swift */,
			);
			path = Models;
			sourceTree = "<group>";
		};
		E3E5D8F428786474000BF2B7 /* Views */ = {
			isa = PBXGroup;
			children = (
				E3E5D92D2878804A000BF2B7 /* BaseViewController.swift */,
				E3E5D93328789E36000BF2B7 /* MovieCollectionViewCell.swift */,
				E3E5D9372878E0D6000BF2B7 /* TitleCollectionReusableView.swift */,
			);
			path = Views;
			sourceTree = "<group>";
		};
		E3E5D90628786D5E000BF2B7 /* MovieList */ = {
			isa = PBXGroup;
			children = (
				E3E5D91328787BB0000BF2B7 /* MovieListViewController.swift */,
				E3E5D90F28787BA5000BF2B7 /* MovieListInteractor.swift */,
				E3E5D91128787BAA000BF2B7 /* MovieListPresenter.swift */,
				E3E5D90D28787B9E000BF2B7 /* MovieListContractor.swift */,
				E3E5D90B28787B97000BF2B7 /* MovieListRouter.swift */,
				E3E5D90928787B8A000BF2B7 /* MovieListBuilder.swift */,
			);
			path = MovieList;
			sourceTree = "<group>";
		};
		E3E5D90728786D79000BF2B7 /* MovieDetail */ = {
			isa = PBXGroup;
			children = (
				E3E5D91528787BDA000BF2B7 /* MovieDetailViewController.swift */,
				E3E5D91928787BE4000BF2B7 /* MovieDetailInteractor.swift */,
				E3E5D91728787BDE000BF2B7 /* MovieDetailPresenter.swift */,
				E3E5D91B28787BE9000BF2B7 /* MovieDetailContractor.swift */,
				E3E5D91D28787BED000BF2B7 /* MovieDetailRouter.swift */,
				E3E5D91F28787BF1000BF2B7 /* MovieDetailBuilder.swift */,
			);
			path = MovieDetail;
			sourceTree = "<group>";
		};
		E3E5D90828786D86000BF2B7 /* PersonDetail */ = {
			isa = PBXGroup;
			children = (
				E3E5D92128787BFE000BF2B7 /* PersonDetailViewController.swift */,
				E3E5D92528787C06000BF2B7 /* PersonDetailInteractor.swift */,
				E3E5D92328787C02000BF2B7 /* PersonDetailPresenter.swift */,
				E3E5D92728787C0C000BF2B7 /* PersonDetailContractor.swift */,
				E3E5D92928787C0F000BF2B7 /* PersonDetailRouter.swift */,
				E3E5D92B28787C13000BF2B7 /* PersonDetailBuilder.swift */,
			);
			path = PersonDetail;
			sourceTree = "<group>";
		};
/* End PBXGroup section */

/* Begin PBXNativeTarget section */
		E3E5D8B828785276000BF2B7 /* deliveryHero */ = {
			isa = PBXNativeTarget;
			buildConfigurationList = E3E5D8E328785278000BF2B7 /* Build configuration list for PBXNativeTarget "deliveryHero" */;
			buildPhases = (
				E3E5D8B528785276000BF2B7 /* Sources */,
				E3E5D8B628785276000BF2B7 /* Frameworks */,
				E3E5D8B728785276000BF2B7 /* Resources */,
			);
			buildRules = (
			);
			dependencies = (
			);
			name = deliveryHero;
			packageProductDependencies = (
				E3E5D90428786AEB000BF2B7 /* SnapKit */,
			);
			productName = deliveryHero;
			productReference = E3E5D8B928785276000BF2B7 /* deliveryHero.app */;
			productType = "com.apple.product-type.application";
		};
		E3E5D8CE28785278000BF2B7 /* deliveryHeroTests */ = {
			isa = PBXNativeTarget;
			buildConfigurationList = E3E5D8E628785278000BF2B7 /* Build configuration list for PBXNativeTarget "deliveryHeroTests" */;
			buildPhases = (
				E3E5D8CB28785278000BF2B7 /* Sources */,
				E3E5D8CC28785278000BF2B7 /* Frameworks */,
				E3E5D8CD28785278000BF2B7 /* Resources */,
			);
			buildRules = (
			);
			dependencies = (
				E3E5D8D128785278000BF2B7 /* PBXTargetDependency */,
			);
			name = deliveryHeroTests;
			productName = deliveryHeroTests;
			productReference = E3E5D8CF28785278000BF2B7 /* deliveryHeroTests.xctest */;
			productType = "com.apple.product-type.bundle.unit-test";
		};
		E3E5D8D828785278000BF2B7 /* deliveryHeroUITests */ = {
			isa = PBXNativeTarget;
			buildConfigurationList = E3E5D8E928785278000BF2B7 /* Build configuration list for PBXNativeTarget "deliveryHeroUITests" */;
			buildPhases = (
				E3E5D8D528785278000BF2B7 /* Sources */,
				E3E5D8D628785278000BF2B7 /* Frameworks */,
				E3E5D8D728785278000BF2B7 /* Resources */,
			);
			buildRules = (
			);
			dependencies = (
				E3E5D8DB28785278000BF2B7 /* PBXTargetDependency */,
			);
			name = deliveryHeroUITests;
			productName = deliveryHeroUITests;
			productReference = E3E5D8D928785278000BF2B7 /* deliveryHeroUITests.xctest */;
			productType = "com.apple.product-type.bundle.ui-testing";
		};
/* End PBXNativeTarget section */

/* Begin PBXProject section */
		E3E5D8B128785276000BF2B7 /* Project object */ = {
			isa = PBXProject;
			attributes = {
				BuildIndependentTargetsInParallel = 1;
				LastSwiftUpdateCheck = 1330;
				LastUpgradeCheck = 1330;
				TargetAttributes = {
					E3E5D8B828785276000BF2B7 = {
						CreatedOnToolsVersion = 13.3;
					};
					E3E5D8CE28785278000BF2B7 = {
						CreatedOnToolsVersion = 13.3;
						TestTargetID = E3E5D8B828785276000BF2B7;
					};
					E3E5D8D828785278000BF2B7 = {
						CreatedOnToolsVersion = 13.3;
						TestTargetID = E3E5D8B828785276000BF2B7;
					};
				};
			};
			buildConfigurationList = E3E5D8B428785276000BF2B7 /* Build configuration list for PBXProject "deliveryHero" */;
			compatibilityVersion = "Xcode 13.0";
			developmentRegion = en;
			hasScannedForEncodings = 0;
			knownRegions = (
				en,
				Base,
			);
			mainGroup = E3E5D8B028785276000BF2B7;
			packageReferences = (
				E3E5D90328786AEB000BF2B7 /* XCRemoteSwiftPackageReference "SnapKit" */,
			);
			productRefGroup = E3E5D8BA28785276000BF2B7 /* Products */;
			projectDirPath = "";
			projectRoot = "";
			targets = (
				E3E5D8B828785276000BF2B7 /* deliveryHero */,
				E3E5D8CE28785278000BF2B7 /* deliveryHeroTests */,
				E3E5D8D828785278000BF2B7 /* deliveryHeroUITests */,
			);
		};
/* End PBXProject section */

/* Begin PBXResourcesBuildPhase section */
		E3E5D8B728785276000BF2B7 /* Resources */ = {
			isa = PBXResourcesBuildPhase;
			buildActionMask = 2147483647;
			files = (
				E3E5D8F628786490000BF2B7 /* Colors.xcassets in Resources */,
				E3E5D8C928785278000BF2B7 /* LaunchScreen.storyboard in Resources */,
				E3E5D8C628785278000BF2B7 /* Assets.xcassets in Resources */,
			);
			runOnlyForDeploymentPostprocessing = 0;
		};
		E3E5D8CD28785278000BF2B7 /* Resources */ = {
			isa = PBXResourcesBuildPhase;
			buildActionMask = 2147483647;
			files = (
			);
			runOnlyForDeploymentPostprocessing = 0;
		};
		E3E5D8D728785278000BF2B7 /* Resources */ = {
			isa = PBXResourcesBuildPhase;
			buildActionMask = 2147483647;
			files = (
			);
			runOnlyForDeploymentPostprocessing = 0;
		};
/* End PBXResourcesBuildPhase section */

/* Begin PBXSourcesBuildPhase section */
		E3E5D8B528785276000BF2B7 /* Sources */ = {
			isa = PBXSourcesBuildPhase;
			buildActionMask = 2147483647;
			files = (
				E3E5D91E28787BED000BF2B7 /* MovieDetailRouter.swift in Sources */,
				E3E5D91028787BA5000BF2B7 /* MovieListInteractor.swift in Sources */,
				E3E5D9002878653A000BF2B7 /* ImageCache.swift in Sources */,
				E3E5D92C28787C13000BF2B7 /* PersonDetailBuilder.swift in Sources */,
				E3E5D90E28787B9E000BF2B7 /* MovieListContractor.swift in Sources */,
				E3E5D91428787BB0000BF2B7 /* MovieListViewController.swift in Sources */,
				E3E5D93C287B259E000BF2B7 /* PersonCreditModel.swift in Sources */,
				E3E5D92028787BF1000BF2B7 /* MovieDetailBuilder.swift in Sources */,
				E3E5D91A28787BE4000BF2B7 /* MovieDetailInteractor.swift in Sources */,
				E3E5D93228788326000BF2B7 /* MediaModels.swift in Sources */,
				E3E5D91628787BDA000BF2B7 /* MovieDetailViewController.swift in Sources */,
				E3E5D92228787BFE000BF2B7 /* PersonDetailViewController.swift in Sources */,
				E3E5D93428789E36000BF2B7 /* MovieCollectionViewCell.swift in Sources */,
				E3E5D8BD28785276000BF2B7 /* AppDelegate.swift in Sources */,
				E3E5D8F8287864EC000BF2B7 /* UIColor + Extension.swift in Sources */,
				E3E5D93A287A5ACC000BF2B7 /* MovieCreditModel.swift in Sources */,
				E3E5D8FA28786507000BF2B7 /* UIImage + Extension.swift in Sources */,
				E3E5D92E2878804A000BF2B7 /* BaseViewController.swift in Sources */,
				E3E5D92628787C06000BF2B7 /* PersonDetailInteractor.swift in Sources */,
				E3E5D90C28787B97000BF2B7 /* MovieListRouter.swift in Sources */,
				E3E5D92A28787C0F000BF2B7 /* PersonDetailRouter.swift in Sources */,
				E3E5D91C28787BE9000BF2B7 /* MovieDetailContractor.swift in Sources */,
				E3E5D91828787BDE000BF2B7 /* MovieDetailPresenter.swift in Sources */,
				E3E5D91228787BAA000BF2B7 /* MovieListPresenter.swift in Sources */,
				E3E5D90A28787B8A000BF2B7 /* MovieListBuilder.swift in Sources */,
				E3E5D9382878E0D6000BF2B7 /* TitleCollectionReusableView.swift in Sources */,
				E3E5D92828787C0C000BF2B7 /* PersonDetailContractor.swift in Sources */,
				E3E5D90228786592000BF2B7 /* AppRouter.swift in Sources */,
				E3E5D8FE2878652A000BF2B7 /* BaseService.swift in Sources */,
				E3E5D92428787C02000BF2B7 /* PersonDetailPresenter.swift in Sources */,
				E3E5D8FC28786518000BF2B7 /* Constants.swift in Sources */,
			);
			runOnlyForDeploymentPostprocessing = 0;
		};
		E3E5D8CB28785278000BF2B7 /* Sources */ = {
			isa = PBXSourcesBuildPhase;
			buildActionMask = 2147483647;
			files = (
				E3E5D8D428785278000BF2B7 /* deliveryHeroTests.swift in Sources */,
			);
			runOnlyForDeploymentPostprocessing = 0;
		};
		E3E5D8D528785278000BF2B7 /* Sources */ = {
			isa = PBXSourcesBuildPhase;
			buildActionMask = 2147483647;
			files = (
				E3E5D8E028785278000BF2B7 /* deliveryHeroUITestsLaunchTests.swift in Sources */,
				E3E5D8DE28785278000BF2B7 /* deliveryHeroUITests.swift in Sources */,
			);
			runOnlyForDeploymentPostprocessing = 0;
		};
/* End PBXSourcesBuildPhase section */

/* Begin PBXTargetDependency section */
		E3E5D8D128785278000BF2B7 /* PBXTargetDependency */ = {
			isa = PBXTargetDependency;
			target = E3E5D8B828785276000BF2B7 /* deliveryHero */;
			targetProxy = E3E5D8D028785278000BF2B7 /* PBXContainerItemProxy */;
		};
		E3E5D8DB28785278000BF2B7 /* PBXTargetDependency */ = {
			isa = PBXTargetDependency;
			target = E3E5D8B828785276000BF2B7 /* deliveryHero */;
			targetProxy = E3E5D8DA28785278000BF2B7 /* PBXContainerItemProxy */;
		};
/* End PBXTargetDependency section */

/* Begin PBXVariantGroup section */
		E3E5D8C728785278000BF2B7 /* LaunchScreen.storyboard */ = {
			isa = PBXVariantGroup;
			children = (
				E3E5D8C828785278000BF2B7 /* Base */,
			);
			name = LaunchScreen.storyboard;
			sourceTree = "<group>";
		};
/* End PBXVariantGroup section */

/* Begin XCBuildConfiguration section */
		E3E5D8E128785278000BF2B7 /* Debug */ = {
			isa = XCBuildConfiguration;
			buildSettings = {
				ALWAYS_SEARCH_USER_PATHS = NO;
				CLANG_ANALYZER_NONNULL = YES;
				CLANG_ANALYZER_NUMBER_OBJECT_CONVERSION = YES_AGGRESSIVE;
				CLANG_CXX_LANGUAGE_STANDARD = "gnu++17";
				CLANG_ENABLE_MODULES = YES;
				CLANG_ENABLE_OBJC_ARC = YES;
				CLANG_ENABLE_OBJC_WEAK = YES;
				CLANG_WARN_BLOCK_CAPTURE_AUTORELEASING = YES;
				CLANG_WARN_BOOL_CONVERSION = YES;
				CLANG_WARN_COMMA = YES;
				CLANG_WARN_CONSTANT_CONVERSION = YES;
				CLANG_WARN_DEPRECATED_OBJC_IMPLEMENTATIONS = YES;
				CLANG_WARN_DIRECT_OBJC_ISA_USAGE = YES_ERROR;
				CLANG_WARN_DOCUMENTATION_COMMENTS = YES;
				CLANG_WARN_EMPTY_BODY = YES;
				CLANG_WARN_ENUM_CONVERSION = YES;
				CLANG_WARN_INFINITE_RECURSION = YES;
				CLANG_WARN_INT_CONVERSION = YES;
				CLANG_WARN_NON_LITERAL_NULL_CONVERSION = YES;
				CLANG_WARN_OBJC_IMPLICIT_RETAIN_SELF = YES;
				CLANG_WARN_OBJC_LITERAL_CONVERSION = YES;
				CLANG_WARN_OBJC_ROOT_CLASS = YES_ERROR;
				CLANG_WARN_QUOTED_INCLUDE_IN_FRAMEWORK_HEADER = YES;
				CLANG_WARN_RANGE_LOOP_ANALYSIS = YES;
				CLANG_WARN_STRICT_PROTOTYPES = YES;
				CLANG_WARN_SUSPICIOUS_MOVE = YES;
				CLANG_WARN_UNGUARDED_AVAILABILITY = YES_AGGRESSIVE;
				CLANG_WARN_UNREACHABLE_CODE = YES;
				CLANG_WARN__DUPLICATE_METHOD_MATCH = YES;
				COPY_PHASE_STRIP = NO;
				DEBUG_INFORMATION_FORMAT = dwarf;
				ENABLE_STRICT_OBJC_MSGSEND = YES;
				ENABLE_TESTABILITY = YES;
				GCC_C_LANGUAGE_STANDARD = gnu11;
				GCC_DYNAMIC_NO_PIC = NO;
				GCC_NO_COMMON_BLOCKS = YES;
				GCC_OPTIMIZATION_LEVEL = 0;
				GCC_PREPROCESSOR_DEFINITIONS = (
					"DEBUG=1",
					"$(inherited)",
				);
				GCC_WARN_64_TO_32_BIT_CONVERSION = YES;
				GCC_WARN_ABOUT_RETURN_TYPE = YES_ERROR;
				GCC_WARN_UNDECLARED_SELECTOR = YES;
				GCC_WARN_UNINITIALIZED_AUTOS = YES_AGGRESSIVE;
				GCC_WARN_UNUSED_FUNCTION = YES;
				GCC_WARN_UNUSED_VARIABLE = YES;
				IPHONEOS_DEPLOYMENT_TARGET = 11.0;
				MTL_ENABLE_DEBUG_INFO = INCLUDE_SOURCE;
				MTL_FAST_MATH = YES;
				ONLY_ACTIVE_ARCH = YES;
				SDKROOT = iphoneos;
				SWIFT_ACTIVE_COMPILATION_CONDITIONS = DEBUG;
				SWIFT_OPTIMIZATION_LEVEL = "-Onone";
			};
			name = Debug;
		};
		E3E5D8E228785278000BF2B7 /* Release */ = {
			isa = XCBuildConfiguration;
			buildSettings = {
				ALWAYS_SEARCH_USER_PATHS = NO;
				CLANG_ANALYZER_NONNULL = YES;
				CLANG_ANALYZER_NUMBER_OBJECT_CONVERSION = YES_AGGRESSIVE;
				CLANG_CXX_LANGUAGE_STANDARD = "gnu++17";
				CLANG_ENABLE_MODULES = YES;
				CLANG_ENABLE_OBJC_ARC = YES;
				CLANG_ENABLE_OBJC_WEAK = YES;
				CLANG_WARN_BLOCK_CAPTURE_AUTORELEASING = YES;
				CLANG_WARN_BOOL_CONVERSION = YES;
				CLANG_WARN_COMMA = YES;
				CLANG_WARN_CONSTANT_CONVERSION = YES;
				CLANG_WARN_DEPRECATED_OBJC_IMPLEMENTATIONS = YES;
				CLANG_WARN_DIRECT_OBJC_ISA_USAGE = YES_ERROR;
				CLANG_WARN_DOCUMENTATION_COMMENTS = YES;
				CLANG_WARN_EMPTY_BODY = YES;
				CLANG_WARN_ENUM_CONVERSION = YES;
				CLANG_WARN_INFINITE_RECURSION = YES;
				CLANG_WARN_INT_CONVERSION = YES;
				CLANG_WARN_NON_LITERAL_NULL_CONVERSION = YES;
				CLANG_WARN_OBJC_IMPLICIT_RETAIN_SELF = YES;
				CLANG_WARN_OBJC_LITERAL_CONVERSION = YES;
				CLANG_WARN_OBJC_ROOT_CLASS = YES_ERROR;
				CLANG_WARN_QUOTED_INCLUDE_IN_FRAMEWORK_HEADER = YES;
				CLANG_WARN_RANGE_LOOP_ANALYSIS = YES;
				CLANG_WARN_STRICT_PROTOTYPES = YES;
				CLANG_WARN_SUSPICIOUS_MOVE = YES;
				CLANG_WARN_UNGUARDED_AVAILABILITY = YES_AGGRESSIVE;
				CLANG_WARN_UNREACHABLE_CODE = YES;
				CLANG_WARN__DUPLICATE_METHOD_MATCH = YES;
				COPY_PHASE_STRIP = NO;
				DEBUG_INFORMATION_FORMAT = "dwarf-with-dsym";
				ENABLE_NS_ASSERTIONS = NO;
				ENABLE_STRICT_OBJC_MSGSEND = YES;
				GCC_C_LANGUAGE_STANDARD = gnu11;
				GCC_NO_COMMON_BLOCKS = YES;
				GCC_WARN_64_TO_32_BIT_CONVERSION = YES;
				GCC_WARN_ABOUT_RETURN_TYPE = YES_ERROR;
				GCC_WARN_UNDECLARED_SELECTOR = YES;
				GCC_WARN_UNINITIALIZED_AUTOS = YES_AGGRESSIVE;
				GCC_WARN_UNUSED_FUNCTION = YES;
				GCC_WARN_UNUSED_VARIABLE = YES;
				IPHONEOS_DEPLOYMENT_TARGET = 11.0;
				MTL_ENABLE_DEBUG_INFO = NO;
				MTL_FAST_MATH = YES;
				SDKROOT = iphoneos;
				SWIFT_COMPILATION_MODE = wholemodule;
				SWIFT_OPTIMIZATION_LEVEL = "-O";
				VALIDATE_PRODUCT = YES;
			};
			name = Release;
		};
		E3E5D8E428785278000BF2B7 /* Debug */ = {
			isa = XCBuildConfiguration;
			buildSettings = {
				ASSETCATALOG_COMPILER_APPICON_NAME = AppIcon;
				ASSETCATALOG_COMPILER_GLOBAL_ACCENT_COLOR_NAME = AccentColor;
				CODE_SIGN_STYLE = Automatic;
				CURRENT_PROJECT_VERSION = 1;
				DEVELOPMENT_TEAM = VK3R7F9D63;
				GENERATE_INFOPLIST_FILE = YES;
				INFOPLIST_FILE = deliveryHero/SupportingFiles/Info.plist;
				INFOPLIST_KEY_UIApplicationSupportsIndirectInputEvents = YES;
				INFOPLIST_KEY_UILaunchStoryboardName = LaunchScreen;
				INFOPLIST_KEY_UISupportedInterfaceOrientations_iPad = "UIInterfaceOrientationPortrait UIInterfaceOrientationPortraitUpsideDown UIInterfaceOrientationLandscapeLeft UIInterfaceOrientationLandscapeRight";
				INFOPLIST_KEY_UISupportedInterfaceOrientations_iPhone = "UIInterfaceOrientationPortrait UIInterfaceOrientationLandscapeLeft UIInterfaceOrientationLandscapeRight";
				LD_RUNPATH_SEARCH_PATHS = (
					"$(inherited)",
					"@executable_path/Frameworks",
				);
				MARKETING_VERSION = 1.0;
				PRODUCT_BUNDLE_IDENTIFIER = com.ahmetoztemiz.deliveryHero;
				PRODUCT_NAME = "$(TARGET_NAME)";
				SWIFT_EMIT_LOC_STRINGS = YES;
				SWIFT_VERSION = 5.0;
				TARGETED_DEVICE_FAMILY = "1,2";
			};
			name = Debug;
		};
		E3E5D8E528785278000BF2B7 /* Release */ = {
			isa = XCBuildConfiguration;
			buildSettings = {
				ASSETCATALOG_COMPILER_APPICON_NAME = AppIcon;
				ASSETCATALOG_COMPILER_GLOBAL_ACCENT_COLOR_NAME = AccentColor;
				CODE_SIGN_STYLE = Automatic;
				CURRENT_PROJECT_VERSION = 1;
				DEVELOPMENT_TEAM = VK3R7F9D63;
				GENERATE_INFOPLIST_FILE = YES;
				INFOPLIST_FILE = deliveryHero/SupportingFiles/Info.plist;
				INFOPLIST_KEY_UIApplicationSupportsIndirectInputEvents = YES;
				INFOPLIST_KEY_UILaunchStoryboardName = LaunchScreen;
				INFOPLIST_KEY_UISupportedInterfaceOrientations_iPad = "UIInterfaceOrientationPortrait UIInterfaceOrientationPortraitUpsideDown UIInterfaceOrientationLandscapeLeft UIInterfaceOrientationLandscapeRight";
				INFOPLIST_KEY_UISupportedInterfaceOrientations_iPhone = "UIInterfaceOrientationPortrait UIInterfaceOrientationLandscapeLeft UIInterfaceOrientationLandscapeRight";
				LD_RUNPATH_SEARCH_PATHS = (
					"$(inherited)",
					"@executable_path/Frameworks",
				);
				MARKETING_VERSION = 1.0;
				PRODUCT_BUNDLE_IDENTIFIER = com.ahmetoztemiz.deliveryHero;
				PRODUCT_NAME = "$(TARGET_NAME)";
				SWIFT_EMIT_LOC_STRINGS = YES;
				SWIFT_VERSION = 5.0;
				TARGETED_DEVICE_FAMILY = "1,2";
			};
			name = Release;
		};
		E3E5D8E728785278000BF2B7 /* Debug */ = {
			isa = XCBuildConfiguration;
			buildSettings = {
				ALWAYS_EMBED_SWIFT_STANDARD_LIBRARIES = YES;
				BUNDLE_LOADER = "$(TEST_HOST)";
				CODE_SIGN_STYLE = Automatic;
				CURRENT_PROJECT_VERSION = 1;
				DEVELOPMENT_TEAM = VK3R7F9D63;
				GENERATE_INFOPLIST_FILE = YES;
				IPHONEOS_DEPLOYMENT_TARGET = 15.4;
				MARKETING_VERSION = 1.0;
				PRODUCT_BUNDLE_IDENTIFIER = com.deliveryHeroTests;
				PRODUCT_NAME = "$(TARGET_NAME)";
				SWIFT_EMIT_LOC_STRINGS = NO;
				SWIFT_VERSION = 5.0;
				TARGETED_DEVICE_FAMILY = "1,2";
				TEST_HOST = "$(BUILT_PRODUCTS_DIR)/deliveryHero.app/deliveryHero";
			};
			name = Debug;
		};
		E3E5D8E828785278000BF2B7 /* Release */ = {
			isa = XCBuildConfiguration;
			buildSettings = {
				ALWAYS_EMBED_SWIFT_STANDARD_LIBRARIES = YES;
				BUNDLE_LOADER = "$(TEST_HOST)";
				CODE_SIGN_STYLE = Automatic;
				CURRENT_PROJECT_VERSION = 1;
				DEVELOPMENT_TEAM = VK3R7F9D63;
				GENERATE_INFOPLIST_FILE = YES;
				IPHONEOS_DEPLOYMENT_TARGET = 15.4;
				MARKETING_VERSION = 1.0;
				PRODUCT_BUNDLE_IDENTIFIER = com.deliveryHeroTests;
				PRODUCT_NAME = "$(TARGET_NAME)";
				SWIFT_EMIT_LOC_STRINGS = NO;
				SWIFT_VERSION = 5.0;
				TARGETED_DEVICE_FAMILY = "1,2";
				TEST_HOST = "$(BUILT_PRODUCTS_DIR)/deliveryHero.app/deliveryHero";
			};
			name = Release;
		};
		E3E5D8EA28785278000BF2B7 /* Debug */ = {
			isa = XCBuildConfiguration;
			buildSettings = {
				ALWAYS_EMBED_SWIFT_STANDARD_LIBRARIES = YES;
				CODE_SIGN_STYLE = Automatic;
				CURRENT_PROJECT_VERSION = 1;
				DEVELOPMENT_TEAM = VK3R7F9D63;
				GENERATE_INFOPLIST_FILE = YES;
				MARKETING_VERSION = 1.0;
				PRODUCT_BUNDLE_IDENTIFIER = com.deliveryHeroUITests;
				PRODUCT_NAME = "$(TARGET_NAME)";
				SWIFT_EMIT_LOC_STRINGS = NO;
				SWIFT_VERSION = 5.0;
				TARGETED_DEVICE_FAMILY = "1,2";
				TEST_TARGET_NAME = deliveryHero;
			};
			name = Debug;
		};
		E3E5D8EB28785278000BF2B7 /* Release */ = {
			isa = XCBuildConfiguration;
			buildSettings = {
				ALWAYS_EMBED_SWIFT_STANDARD_LIBRARIES = YES;
				CODE_SIGN_STYLE = Automatic;
				CURRENT_PROJECT_VERSION = 1;
				DEVELOPMENT_TEAM = VK3R7F9D63;
				GENERATE_INFOPLIST_FILE = YES;
				MARKETING_VERSION = 1.0;
				PRODUCT_BUNDLE_IDENTIFIER = com.deliveryHeroUITests;
				PRODUCT_NAME = "$(TARGET_NAME)";
				SWIFT_EMIT_LOC_STRINGS = NO;
				SWIFT_VERSION = 5.0;
				TARGETED_DEVICE_FAMILY = "1,2";
				TEST_TARGET_NAME = deliveryHero;
			};
			name = Release;
		};
/* End XCBuildConfiguration section */

/* Begin XCConfigurationList section */
		E3E5D8B428785276000BF2B7 /* Build configuration list for PBXProject "deliveryHero" */ = {
			isa = XCConfigurationList;
			buildConfigurations = (
				E3E5D8E128785278000BF2B7 /* Debug */,
				E3E5D8E228785278000BF2B7 /* Release */,
			);
			defaultConfigurationIsVisible = 0;
			defaultConfigurationName = Release;
		};
		E3E5D8E328785278000BF2B7 /* Build configuration list for PBXNativeTarget "deliveryHero" */ = {
			isa = XCConfigurationList;
			buildConfigurations = (
				E3E5D8E428785278000BF2B7 /* Debug */,
				E3E5D8E528785278000BF2B7 /* Release */,
			);
			defaultConfigurationIsVisible = 0;
			defaultConfigurationName = Release;
		};
		E3E5D8E628785278000BF2B7 /* Build configuration list for PBXNativeTarget "deliveryHeroTests" */ = {
			isa = XCConfigurationList;
			buildConfigurations = (
				E3E5D8E728785278000BF2B7 /* Debug */,
				E3E5D8E828785278000BF2B7 /* Release */,
			);
			defaultConfigurationIsVisible = 0;
			defaultConfigurationName = Release;
		};
		E3E5D8E928785278000BF2B7 /* Build configuration list for PBXNativeTarget "deliveryHeroUITests" */ = {
			isa = XCConfigurationList;
			buildConfigurations = (
				E3E5D8EA28785278000BF2B7 /* Debug */,
				E3E5D8EB28785278000BF2B7 /* Release */,
			);
			defaultConfigurationIsVisible = 0;
			defaultConfigurationName = Release;
		};
/* End XCConfigurationList section */

/* Begin XCRemoteSwiftPackageReference section */
		E3E5D90328786AEB000BF2B7 /* XCRemoteSwiftPackageReference "SnapKit" */ = {
			isa = XCRemoteSwiftPackageReference;
			repositoryURL = "https://github.com/SnapKit/SnapKit.git";
			requirement = {
				kind = upToNextMajorVersion;
				minimumVersion = 5.0.0;
			};
		};
/* End XCRemoteSwiftPackageReference section */

/* Begin XCSwiftPackageProductDependency section */
		E3E5D90428786AEB000BF2B7 /* SnapKit */ = {
			isa = XCSwiftPackageProductDependency;
			package = E3E5D90328786AEB000BF2B7 /* XCRemoteSwiftPackageReference "SnapKit" */;
			productName = SnapKit;
		};
/* End XCSwiftPackageProductDependency section */
	};
	rootObject = E3E5D8B128785276000BF2B7 /* Project object */;
}
